
Microsoft Visual Studio Solution File, Format Version 12.00
# Visual Studio Version 17
VisualStudioVersion = 17.0.31903.59
MinimumVisualStudioVersion = 10.0.40219.1
Project("{2150E333-8FDC-42A3-9474-1A3956D46DE8}") = "src", "src", "{5A803421-75B6-4FA4-AA5F-34FE3A7C1107}"
EndProject
Project("{2150E333-8FDC-42A3-9474-1A3956D46DE8}") = "Core", "Core", "{B4DC0BC4-6FDF-467F-ACBE-6C88E1170E8E}"
EndProject
Project("{FAE04EC0-301F-11D3-BF4B-00C04F79EFBC}") = "HR.LeaveManagement.Domain", "src\Core\HR.LeaveManagement.Domain\HR.LeaveManagement.Domain.csproj", "{0539443B-B09B-4EDA-A30D-DDE475EDDD55}"
EndProject
Project("{2150E333-8FDC-42A3-9474-1A3956D46DE8}") = "Infra", "Infra", "{D85CFE78-B6C0-4622-83EC-ADE3A81088A8}"
EndProject
Project("{FAE04EC0-301F-11D3-BF4B-00C04F79EFBC}") = "HR.LeaveManagement.Infra", "src\Infra\HR.LeaveManagement.Infra\HR.LeaveManagement.Infra.csproj", "{4AE42078-2893-45E0-AF41-347F1B70E3FC}"
EndProject
Project("{FAE04EC0-301F-11D3-BF4B-00C04F79EFBC}") = "HR.LeaveManagement.Persistence", "src\Infra\HR.LeaveManagement.Persistence\HR.LeaveManagement.Persistence.csproj", "{A94EEDEB-A6FB-4645-B2B8-2E5D2F7D9E8D}"
EndProject
Project("{2150E333-8FDC-42A3-9474-1A3956D46DE8}") = "API", "API", "{D718C82A-53FA-42CC-975A-052E7536E46B}"
EndProject
Project("{FAE04EC0-301F-11D3-BF4B-00C04F79EFBC}") = "HR.LeaveManagement.api", "src\API\HR.LeaveManagement.api\HR.LeaveManagement.api.csproj", "{D3D3485F-6F8A-4C3F-946E-F49D25FC3DB4}"
EndProject
Project("{2150E333-8FDC-42A3-9474-1A3956D46DE8}") = "test", "test", "{5C02E4F7-92D8-46CA-ABE0-6524169D0F69}"
EndProject
Project("{FAE04EC0-301F-11D3-BF4B-00C04F79EFBC}") = "HR.LeaveManagment.Application.UnitTests", "test\HR.LeaveManagment.Application.UnitTests\HR.LeaveManagment.Application.UnitTests.csproj", "{8D9047CE-9E6A-4842-8030-3FED5BA03497}"
EndProject
Global
	GlobalSection(SolutionConfigurationPlatforms) = preSolution
		Debug|Any CPU = Debug|Any CPU
		Release|Any CPU = Release|Any CPU
	EndGlobalSection
	GlobalSection(SolutionProperties) = preSolution
		HideSolutionNode = FALSE
	EndGlobalSection
	GlobalSection(ProjectConfigurationPlatforms) = postSolution
		{0539443B-B09B-4EDA-A30D-DDE475EDDD55}.Debug|Any CPU.ActiveCfg = Debug|Any CPU
		{0539443B-B09B-4EDA-A30D-DDE475EDDD55}.Debug|Any CPU.Build.0 = Debug|Any CPU
		{0539443B-B09B-4EDA-A30D-DDE475EDDD55}.Release|Any CPU.ActiveCfg = Release|Any CPU
		{0539443B-B09B-4EDA-A30D-DDE475EDDD55}.Release|Any CPU.Build.0 = Release|Any CPU
		{4AE42078-2893-45E0-AF41-347F1B70E3FC}.Debug|Any CPU.ActiveCfg = Debug|Any CPU
		{4AE42078-2893-45E0-AF41-347F1B70E3FC}.Debug|Any CPU.Build.0 = Debug|Any CPU
		{4AE42078-2893-45E0-AF41-347F1B70E3FC}.Release|Any CPU.ActiveCfg = Release|Any CPU
		{4AE42078-2893-45E0-AF41-347F1B70E3FC}.Release|Any CPU.Build.0 = Release|Any CPU
		{A94EEDEB-A6FB-4645-B2B8-2E5D2F7D9E8D}.Debug|Any CPU.ActiveCfg = Debug|Any CPU
		{A94EEDEB-A6FB-4645-B2B8-2E5D2F7D9E8D}.Debug|Any CPU.Build.0 = Debug|Any CPU
		{A94EEDEB-A6FB-4645-B2B8-2E5D2F7D9E8D}.Release|Any CPU.ActiveCfg = Release|Any CPU
		{A94EEDEB-A6FB-4645-B2B8-2E5D2F7D9E8D}.Release|Any CPU.Build.0 = Release|Any CPU
		{D3D3485F-6F8A-4C3F-946E-F49D25FC3DB4}.Debug|Any CPU.ActiveCfg = Debug|Any CPU
		{D3D3485F-6F8A-4C3F-946E-F49D25FC3DB4}.Debug|Any CPU.Build.0 = Debug|Any CPU
		{D3D3485F-6F8A-4C3F-946E-F49D25FC3DB4}.Release|Any CPU.ActiveCfg = Release|Any CPU
		{D3D3485F-6F8A-4C3F-946E-F49D25FC3DB4}.Release|Any CPU.Build.0 = Release|Any CPU
		{8D9047CE-9E6A-4842-8030-3FED5BA03497}.Debug|Any CPU.ActiveCfg = Debug|Any CPU
		{8D9047CE-9E6A-4842-8030-3FED5BA03497}.Debug|Any CPU.Build.0 = Debug|Any CPU
		{8D9047CE-9E6A-4842-8030-3FED5BA03497}.Release|Any CPU.ActiveCfg = Release|Any CPU
		{8D9047CE-9E6A-4842-8030-3FED5BA03497}.Release|Any CPU.Build.0 = Release|Any CPU
	EndGlobalSection
	GlobalSection(NestedProjects) = preSolution
		{B4DC0BC4-6FDF-467F-ACBE-6C88E1170E8E} = {5A803421-75B6-4FA4-AA5F-34FE3A7C1107}
		{0539443B-B09B-4EDA-A30D-DDE475EDDD55} = {B4DC0BC4-6FDF-467F-ACBE-6C88E1170E8E}
		{D85CFE78-B6C0-4622-83EC-ADE3A81088A8} = {5A803421-75B6-4FA4-AA5F-34FE3A7C1107}
		{4AE42078-2893-45E0-AF41-347F1B70E3FC} = {D85CFE78-B6C0-4622-83EC-ADE3A81088A8}
		{A94EEDEB-A6FB-4645-B2B8-2E5D2F7D9E8D} = {D85CFE78-B6C0-4622-83EC-ADE3A81088A8}
		{D718C82A-53FA-42CC-975A-052E7536E46B} = {5A803421-75B6-4FA4-AA5F-34FE3A7C1107}
		{D3D3485F-6F8A-4C3F-946E-F49D25FC3DB4} = {D718C82A-53FA-42CC-975A-052E7536E46B}
		{8D9047CE-9E6A-4842-8030-3FED5BA03497} = {5C02E4F7-92D8-46CA-ABE0-6524169D0F69}
	EndGlobalSection
EndGlobal
